
Microsoft Visual Studio Solution File, Format Version 12.00
# Visual Studio 15
VisualStudioVersion = 15.0.28307.421
MinimumVisualStudioVersion = 10.0.40219.1
Project("{FAE04EC0-301F-11D3-BF4B-00C04F79EFBC}") = "show current date and time", "show current date and time\show current date and time.csproj", "{8054C707-235C-4DC8-B015-4F514FF639B9}"
EndProject
Global
	GlobalSection(SolutionConfigurationPlatforms) = preSolution
		Debug|Any CPU = Debug|Any CPU
		Release|Any CPU = Release|Any CPU
	EndGlobalSection
	GlobalSection(ProjectConfigurationPlatforms) = postSolution
		{8054C707-235C-4DC8-B015-4F514FF639B9}.Debug|Any CPU.ActiveCfg = Debug|Any CPU
		{8054C707-235C-4DC8-B015-4F514FF639B9}.Debug|Any CPU.Build.0 = Debug|Any CPU
		{8054C707-235C-4DC8-B015-4F514FF639B9}.Release|Any CPU.ActiveCfg = Release|Any CPU
		{8054C707-235C-4DC8-B015-4F514FF639B9}.Release|Any CPU.Build.0 = Release|Any CPU
	EndGlobalSection
	GlobalSection(SolutionProperties) = preSolution
		HideSolutionNode = FALSE
	EndGlobalSection
	GlobalSection(ExtensibilityGlobals) = postSolution
		SolutionGuid = {00E095DC-47CF-44E6-83C1-9D471641E073}
	EndGlobalSection
EndGlobal
